
Microsoft Visual Studio Solution File, Format Version 12.00
# Visual Studio Version 17
VisualStudioVersion = 17.0.31903.59
MinimumVisualStudioVersion = 10.0.40219.1
Project("{2150E333-8FDC-42A3-9474-1A3956D46DE8}") = "src", "src", "{1F3949B5-9550-461B-A555-F2015DDE6406}"
EndProject
Project("{FAE04EC0-301F-11D3-BF4B-00C04F79EFBC}") = "AuctionService", "src\AuctionService\AuctionService.csproj", "{2BFCCB47-5FF2-449B-B176-A327EAB87FF4}"
EndProject
Project("{FAE04EC0-301F-11D3-BF4B-00C04F79EFBC}") = "SearchService", "src\SearchService\SearchService.csproj", "{2DF85724-BFE7-471A-97BE-8B92BA42CCA1}"
EndProject
Project("{FAE04EC0-301F-11D3-BF4B-00C04F79EFBC}") = "Contracts", "src\Contracts\Contracts.csproj", "{BAC286E1-DF44-4FE9-8570-53F4DF6DD923}"
EndProject
Project("{FAE04EC0-301F-11D3-BF4B-00C04F79EFBC}") = "IdentityService", "src\IdentityService\IdentityService.csproj", "{2E9429BC-A0F9-4171-91F8-B97BDA6559C9}"
EndProject
Project("{FAE04EC0-301F-11D3-BF4B-00C04F79EFBC}") = "GatewayService", "src\GatewayService\GatewayService.csproj", "{3633BB5A-3D68-4E57-95D3-06B2F0C0E629}"
EndProject
Project("{2150E333-8FDC-42A3-9474-1A3956D46DE8}") = "tests", "tests", "{2C505DCB-F7FD-426D-B466-E9688F5E910C}"
EndProject
Project("{FAE04EC0-301F-11D3-BF4B-00C04F79EFBC}") = "AuctionService.UnitTests", "tests\AuctionService.UnitTests\AuctionService.UnitTests.csproj", "{1258BFC4-4CCC-42FC-8DD4-B8619516008B}"
EndProject
Project("{FAE04EC0-301F-11D3-BF4B-00C04F79EFBC}") = "AuctionService.IntegrationTests", "tests\AuctionService.IntegrationTests\AuctionService.IntegrationTests.csproj", "{748E5347-AF73-476A-A7D9-6866D5CA864E}"
EndProject
Global
	GlobalSection(SolutionConfigurationPlatforms) = preSolution
		Debug|Any CPU = Debug|Any CPU
		Release|Any CPU = Release|Any CPU
	EndGlobalSection
	GlobalSection(SolutionProperties) = preSolution
		HideSolutionNode = FALSE
	EndGlobalSection
	GlobalSection(ProjectConfigurationPlatforms) = postSolution
		{2BFCCB47-5FF2-449B-B176-A327EAB87FF4}.Debug|Any CPU.ActiveCfg = Debug|Any CPU
		{2BFCCB47-5FF2-449B-B176-A327EAB87FF4}.Debug|Any CPU.Build.0 = Debug|Any CPU
		{2BFCCB47-5FF2-449B-B176-A327EAB87FF4}.Release|Any CPU.ActiveCfg = Release|Any CPU
		{2BFCCB47-5FF2-449B-B176-A327EAB87FF4}.Release|Any CPU.Build.0 = Release|Any CPU
		{2DF85724-BFE7-471A-97BE-8B92BA42CCA1}.Debug|Any CPU.ActiveCfg = Debug|Any CPU
		{2DF85724-BFE7-471A-97BE-8B92BA42CCA1}.Debug|Any CPU.Build.0 = Debug|Any CPU
		{2DF85724-BFE7-471A-97BE-8B92BA42CCA1}.Release|Any CPU.ActiveCfg = Release|Any CPU
		{2DF85724-BFE7-471A-97BE-8B92BA42CCA1}.Release|Any CPU.Build.0 = Release|Any CPU
		{BAC286E1-DF44-4FE9-8570-53F4DF6DD923}.Debug|Any CPU.ActiveCfg = Debug|Any CPU
		{BAC286E1-DF44-4FE9-8570-53F4DF6DD923}.Debug|Any CPU.Build.0 = Debug|Any CPU
		{BAC286E1-DF44-4FE9-8570-53F4DF6DD923}.Release|Any CPU.ActiveCfg = Release|Any CPU
		{BAC286E1-DF44-4FE9-8570-53F4DF6DD923}.Release|Any CPU.Build.0 = Release|Any CPU
		{2E9429BC-A0F9-4171-91F8-B97BDA6559C9}.Debug|Any CPU.ActiveCfg = Debug|Any CPU
		{2E9429BC-A0F9-4171-91F8-B97BDA6559C9}.Debug|Any CPU.Build.0 = Debug|Any CPU
		{2E9429BC-A0F9-4171-91F8-B97BDA6559C9}.Release|Any CPU.ActiveCfg = Release|Any CPU
		{2E9429BC-A0F9-4171-91F8-B97BDA6559C9}.Release|Any CPU.Build.0 = Release|Any CPU
		{3633BB5A-3D68-4E57-95D3-06B2F0C0E629}.Debug|Any CPU.ActiveCfg = Debug|Any CPU
		{3633BB5A-3D68-4E57-95D3-06B2F0C0E629}.Debug|Any CPU.Build.0 = Debug|Any CPU
		{3633BB5A-3D68-4E57-95D3-06B2F0C0E629}.Release|Any CPU.ActiveCfg = Release|Any CPU
		{3633BB5A-3D68-4E57-95D3-06B2F0C0E629}.Release|Any CPU.Build.0 = Release|Any CPU
		{1258BFC4-4CCC-42FC-8DD4-B8619516008B}.Debug|Any CPU.ActiveCfg = Debug|Any CPU
		{1258BFC4-4CCC-42FC-8DD4-B8619516008B}.Debug|Any CPU.Build.0 = Debug|Any CPU
		{1258BFC4-4CCC-42FC-8DD4-B8619516008B}.Release|Any CPU.ActiveCfg = Release|Any CPU
		{1258BFC4-4CCC-42FC-8DD4-B8619516008B}.Release|Any CPU.Build.0 = Release|Any CPU
		{748E5347-AF73-476A-A7D9-6866D5CA864E}.Debug|Any CPU.ActiveCfg = Debug|Any CPU
		{748E5347-AF73-476A-A7D9-6866D5CA864E}.Debug|Any CPU.Build.0 = Debug|Any CPU
		{748E5347-AF73-476A-A7D9-6866D5CA864E}.Release|Any CPU.ActiveCfg = Release|Any CPU
		{748E5347-AF73-476A-A7D9-6866D5CA864E}.Release|Any CPU.Build.0 = Release|Any CPU
	EndGlobalSection
	GlobalSection(NestedProjects) = preSolution
		{2BFCCB47-5FF2-449B-B176-A327EAB87FF4} = {1F3949B5-9550-461B-A555-F2015DDE6406}
		{2DF85724-BFE7-471A-97BE-8B92BA42CCA1} = {1F3949B5-9550-461B-A555-F2015DDE6406}
		{BAC286E1-DF44-4FE9-8570-53F4DF6DD923} = {1F3949B5-9550-461B-A555-F2015DDE6406}
		{2E9429BC-A0F9-4171-91F8-B97BDA6559C9} = {1F3949B5-9550-461B-A555-F2015DDE6406}
		{3633BB5A-3D68-4E57-95D3-06B2F0C0E629} = {1F3949B5-9550-461B-A555-F2015DDE6406}
		{1258BFC4-4CCC-42FC-8DD4-B8619516008B} = {2C505DCB-F7FD-426D-B466-E9688F5E910C}
		{748E5347-AF73-476A-A7D9-6866D5CA864E} = {2C505DCB-F7FD-426D-B466-E9688F5E910C}
	EndGlobalSection
EndGlobal
